
Microsoft Visual Studio Solution File, Format Version 12.00
# Visual Studio 2012
Project("{FAE04EC0-301F-11D3-BF4B-00C04F79EFBC}") = "HotDogReview.WebUI", "HotDogReview.WebUI\HotDogReview.WebUI.csproj", "{572CB936-1D52-4DBB-A029-A11A3B93AFC3}"
EndProject
Project("{FAE04EC0-301F-11D3-BF4B-00C04F79EFBC}") = "HotDogReview.Core", "HotDogReview.Core\HotDogReview.Core.csproj", "{D91B0A0B-5502-4B46-968C-9F4DAC5B9D0F}"
EndProject
Global
	GlobalSection(SolutionConfigurationPlatforms) = preSolution
		Debug|Any CPU = Debug|Any CPU
		Release|Any CPU = Release|Any CPU
	EndGlobalSection
	GlobalSection(ProjectConfigurationPlatforms) = postSolution
		{572CB936-1D52-4DBB-A029-A11A3B93AFC3}.Debug|Any CPU.ActiveCfg = Debug|Any CPU
		{572CB936-1D52-4DBB-A029-A11A3B93AFC3}.Debug|Any CPU.Build.0 = Debug|Any CPU
		{572CB936-1D52-4DBB-A029-A11A3B93AFC3}.Release|Any CPU.ActiveCfg = Release|Any CPU
		{572CB936-1D52-4DBB-A029-A11A3B93AFC3}.Release|Any CPU.Build.0 = Release|Any CPU
		{D91B0A0B-5502-4B46-968C-9F4DAC5B9D0F}.Debug|Any CPU.ActiveCfg = Debug|Any CPU
		{D91B0A0B-5502-4B46-968C-9F4DAC5B9D0F}.Debug|Any CPU.Build.0 = Debug|Any CPU
		{D91B0A0B-5502-4B46-968C-9F4DAC5B9D0F}.Release|Any CPU.ActiveCfg = Release|Any CPU
		{D91B0A0B-5502-4B46-968C-9F4DAC5B9D0F}.Release|Any CPU.Build.0 = Release|Any CPU
	EndGlobalSection
	GlobalSection(SolutionProperties) = preSolution
		HideSolutionNode = FALSE
	EndGlobalSection
EndGlobal
